
Microsoft Visual Studio Solution File, Format Version 12.00
# Visual Studio 15
VisualStudioVersion = 15.0.27428.2037
MinimumVisualStudioVersion = 10.0.40219.1
Project("{FAE04EC0-301F-11D3-BF4B-00C04F79EFBC}") = "TicTacToeKata", "TicTacToeKata\TicTacToeKata.csproj", "{04E676DB-BF70-40F0-8C86-058DBE8A1A4C}"
EndProject
Project("{FAE04EC0-301F-11D3-BF4B-00C04F79EFBC}") = "AppRunner", "AppRunner\AppRunner.csproj", "{8E25B394-CEA1-489B-92F5-558639958D51}"
EndProject
Project("{FAE04EC0-301F-11D3-BF4B-00C04F79EFBC}") = "TicTacToeKata.Tests", "TicTacToeKata.Tests\TicTacToeKata.Tests.csproj", "{2B356E24-BE7A-4E1A-98C9-2EAF5510A53B}"
EndProject
Global
	GlobalSection(SolutionConfigurationPlatforms) = preSolution
		Debug|Any CPU = Debug|Any CPU
		Release|Any CPU = Release|Any CPU
	EndGlobalSection
	GlobalSection(ProjectConfigurationPlatforms) = postSolution
		{04E676DB-BF70-40F0-8C86-058DBE8A1A4C}.Debug|Any CPU.ActiveCfg = Debug|Any CPU
		{04E676DB-BF70-40F0-8C86-058DBE8A1A4C}.Debug|Any CPU.Build.0 = Debug|Any CPU
		{04E676DB-BF70-40F0-8C86-058DBE8A1A4C}.Release|Any CPU.ActiveCfg = Release|Any CPU
		{04E676DB-BF70-40F0-8C86-058DBE8A1A4C}.Release|Any CPU.Build.0 = Release|Any CPU
		{8E25B394-CEA1-489B-92F5-558639958D51}.Debug|Any CPU.ActiveCfg = Debug|Any CPU
		{8E25B394-CEA1-489B-92F5-558639958D51}.Debug|Any CPU.Build.0 = Debug|Any CPU
		{8E25B394-CEA1-489B-92F5-558639958D51}.Release|Any CPU.ActiveCfg = Release|Any CPU
		{8E25B394-CEA1-489B-92F5-558639958D51}.Release|Any CPU.Build.0 = Release|Any CPU
		{2B356E24-BE7A-4E1A-98C9-2EAF5510A53B}.Debug|Any CPU.ActiveCfg = Debug|Any CPU
		{2B356E24-BE7A-4E1A-98C9-2EAF5510A53B}.Debug|Any CPU.Build.0 = Debug|Any CPU
		{2B356E24-BE7A-4E1A-98C9-2EAF5510A53B}.Release|Any CPU.ActiveCfg = Release|Any CPU
		{2B356E24-BE7A-4E1A-98C9-2EAF5510A53B}.Release|Any CPU.Build.0 = Release|Any CPU
	EndGlobalSection
	GlobalSection(SolutionProperties) = preSolution
		HideSolutionNode = FALSE
	EndGlobalSection
	GlobalSection(ExtensibilityGlobals) = postSolution
		SolutionGuid = {1757D94F-A1CA-4920-A954-A66BC5C02EB1}
	EndGlobalSection
EndGlobal
